Microsoft Visual Studio Solution File, Format Version 12.00
# Visual Studio Version 17
VisualStudioVersion = 17.5.2.0
MinimumVisualStudioVersion = 10.0.40219.1
Project("{FAE04EC0-301F-11D3-BF4B-00C04F79EFBC}") = "InstagramClone.Web", "InstagramClone.Web.csproj", "{AF6BF739-95A8-401B-91E9-135C64E3505F}"
EndProject
Global
	GlobalSection(SolutionConfigurationPlatforms) = preSolution
		Debug|Any CPU = Debug|Any CPU
		Release|Any CPU = Release|Any CPU
	EndGlobalSection
	GlobalSection(ProjectConfigurationPlatforms) = postSolution
		{AF6BF739-95A8-401B-91E9-135C64E3505F}.Debug|Any CPU.ActiveCfg = Debug|Any CPU
		{AF6BF739-95A8-401B-91E9-135C64E3505F}.Debug|Any CPU.Build.0 = Debug|Any CPU
		{AF6BF739-95A8-401B-91E9-135C64E3505F}.Release|Any CPU.ActiveCfg = Release|Any CPU
		{AF6BF739-95A8-401B-91E9-135C64E3505F}.Release|Any CPU.Build.0 = Release|Any CPU
	EndGlobalSection
	GlobalSection(SolutionProperties) = preSolution
		HideSolutionNode = FALSE
	EndGlobalSection
	GlobalSection(ExtensibilityGlobals) = postSolution
		SolutionGuid = {478BF1CB-E164-42D0-8DC8-B4C89A399C36}
	EndGlobalSection
EndGlobal
